<?xml version="1.0" encoding="utf-8"?>
<Project ToolsVersion="4.0" xmlns="http://schemas.microsoft.com/developer/msbuild/2003">
  <ItemGroup>
    <Filter Include="Source Files">
      <UniqueIdentifier>{5382ab1e-88a0-4599-922e-14a14d68e7a6}</UniqueIdentifier>
    </Filter>
  </ItemGroup>
  <ItemGroup>
    <ClCompile Include="PlotSimTest.c">
      <Filter>Source Files</Filter>
    </ClCompile>
  </ItemGroup>
</Project>
